
Microsoft Visual Studio Solution File, Format Version 12.00
# Visual Studio Version 16
VisualStudioVersion = 16.0.30804.86
MinimumVisualStudioVersion = 10.0.40219.1
Project("{FAE04EC0-301F-11D3-BF4B-00C04F79EFBC}") = "pmashbotCS", "pmashbotCS.csproj", "{7F9BEAB4-773C-4F5E-8852-3F1F9370BBEA}"
EndProject
Global
	GlobalSection(SolutionConfigurationPlatforms) = preSolution
		Debug|Any CPU = Debug|Any CPU
		Release|Any CPU = Release|Any CPU
	EndGlobalSection
	GlobalSection(ProjectConfigurationPlatforms) = postSolution
		{7F9BEAB4-773C-4F5E-8852-3F1F9370BBEA}.Debug|Any CPU.ActiveCfg = Debug|Any CPU
		{7F9BEAB4-773C-4F5E-8852-3F1F9370BBEA}.Debug|Any CPU.Build.0 = Debug|Any CPU
		{7F9BEAB4-773C-4F5E-8852-3F1F9370BBEA}.Release|Any CPU.ActiveCfg = Release|Any CPU
		{7F9BEAB4-773C-4F5E-8852-3F1F9370BBEA}.Release|Any CPU.Build.0 = Release|Any CPU
	EndGlobalSection
	GlobalSection(SolutionProperties) = preSolution
		HideSolutionNode = FALSE
	EndGlobalSection
	GlobalSection(ExtensibilityGlobals) = postSolution
		SolutionGuid = {599C41C6-81E5-4B1B-8465-6CD47ABB8D22}
	EndGlobalSection
EndGlobal
